
Microsoft Visual Studio Solution File, Format Version 12.00
# Visual Studio 15
Project("{FAE04EC0-301F-11D3-BF4B-00C04F79EFBC}") = "Assembly-CSharp", "Assembly-CSharp.csproj", "{0DA61848-E03E-35A9-BD2A-394EEB78137F}"
EndProject
Project("{FAE04EC0-301F-11D3-BF4B-00C04F79EFBC}") = "Assembly-CSharp-firstpass", "Assembly-CSharp-firstpass.csproj", "{4FDD1A81-FF96-A798-86A5-E79E89198559}"
EndProject
Global
	GlobalSection(SolutionConfigurationPlatforms) = preSolution
		Debug|Any CPU = Debug|Any CPU
		Release|Any CPU = Release|Any CPU
	EndGlobalSection
	GlobalSection(ProjectConfigurationPlatforms) = postSolution
		{0DA61848-E03E-35A9-BD2A-394EEB78137F}.Debug|Any CPU.ActiveCfg = Debug|Any CPU
		{0DA61848-E03E-35A9-BD2A-394EEB78137F}.Debug|Any CPU.Build.0 = Debug|Any CPU
		{0DA61848-E03E-35A9-BD2A-394EEB78137F}.Release|Any CPU.ActiveCfg = Release|Any CPU
		{0DA61848-E03E-35A9-BD2A-394EEB78137F}.Release|Any CPU.Build.0 = Release|Any CPU
		{4FDD1A81-FF96-A798-86A5-E79E89198559}.Debug|Any CPU.ActiveCfg = Debug|Any CPU
		{4FDD1A81-FF96-A798-86A5-E79E89198559}.Debug|Any CPU.Build.0 = Debug|Any CPU
		{4FDD1A81-FF96-A798-86A5-E79E89198559}.Release|Any CPU.ActiveCfg = Release|Any CPU
		{4FDD1A81-FF96-A798-86A5-E79E89198559}.Release|Any CPU.Build.0 = Release|Any CPU
	EndGlobalSection
	GlobalSection(SolutionProperties) = preSolution
		HideSolutionNode = FALSE
	EndGlobalSection
EndGlobal
